{
  "name": "nvim",
  "lockfileVersion": 2,
  "requires": true,
  "packages": {
    "": {
      "dependencies": {
        "coc-ltex": "^13.1.0",
        "g": "^2.0.1"
      }
    },
    "node_modules/coc-ltex": {
      "version": "13.1.0",
      "resolved": "https://registry.npmjs.org/coc-ltex/-/coc-ltex-13.1.0.tgz",
      "integrity": "sha512-SnwfsF5dnU0T12bSe9sq2rdR/EoAqK4MxVljQM58YXpQKTps/HsCD6kiprk8oK/VMH8KaDwEEcxf2pVXq6yECQ==",
      "engines": {
        "coc": "^0.0.80"
      }
    },
    "node_modules/g": {
      "version": "2.0.1",
      "resolved": "https://registry.npmjs.org/g/-/g-2.0.1.tgz",
      "integrity": "sha512-Fi6Ng5fZ/ANLQ15H11hCe+09sgUoNvDEBevVgx3KoYOhsH5iLNPn54hx0jPZ+3oSWr+xajnp2Qau9VmPsc7hTA=="
    }
  },
  "dependencies": {
    "coc-ltex": {
      "version": "13.1.0",
      "resolved": "https://registry.npmjs.org/coc-ltex/-/coc-ltex-13.1.0.tgz",
      "integrity": "sha512-SnwfsF5dnU0T12bSe9sq2rdR/EoAqK4MxVljQM58YXpQKTps/HsCD6kiprk8oK/VMH8KaDwEEcxf2pVXq6yECQ=="
    },
    "g": {
      "version": "2.0.1",
      "resolved": "https://registry.npmjs.org/g/-/g-2.0.1.tgz",
      "integrity": "sha512-Fi6Ng5fZ/ANLQ15H11hCe+09sgUoNvDEBevVgx3KoYOhsH5iLNPn54hx0jPZ+3oSWr+xajnp2Qau9VmPsc7hTA=="
    }
  }
}
